// !$*UTF8*$!
{
	archiveVersion = 1;
	classes = {
	};
	objectVersion = 46;
	objects = {

/* Begin PBXBuildFile section */
		59E659001C4FC5B40011988D /* AppDelegate.swift in Sources */ = {isa = PBXBuildFile; fileRef = 59E658FF1C4FC5B40011988D /* AppDelegate.swift */; };
		59E659021C4FC5B40011988D /* ViewController.swift in Sources */ = {isa = PBXBuildFile; fileRef = 59E659011C4FC5B40011988D /* ViewController.swift */; };
		59E659051C4FC5B40011988D /* Main.storyboard in Resources */ = {isa = PBXBuildFile; fileRef = 59E659031C4FC5B40011988D /* Main.storyboard */; };
		59E659071C4FC5B40011988D /* Assets.xcassets in Resources */ = {isa = PBXBuildFile; fileRef = 59E659061C4FC5B40011988D /* Assets.xcassets */; };
		59E6590A1C4FC5B40011988D /* LaunchScreen.storyboard in Resources */ = {isa = PBXBuildFile; fileRef = 59E659081C4FC5B40011988D /* LaunchScreen.storyboard */; };
		59E659141C4FCC8F0011988D /* 我要飞.mp3 in Resources */ = {isa = PBXBuildFile; fileRef = 59E659131C4FCC8F0011988D /* 我要飞.mp3 */; };
/* End PBXBuildFile section */

/* Begin PBXFileReference section */
		59E658FC1C4FC5B40011988D /* Working With Audio.app */ = {isa = PBXFileReference; explicitFileType = wrapper.application; includeInIndex = 0; path = "Working With Audio.app"; sourceTree = BUILT_PRODUCTS_DIR; };
		59E658FF1C4FC5B40011988D /* AppDelegate.swift */ = {isa = PBXFileReference; lastKnownFileType = sourcecode.swift; path = AppDelegate.swift; sourceTree = "<group>"; };
		59E659011C4FC5B40011988D /* ViewController.swift */ = {isa = PBXFileReference; lastKnownFileType = sourcecode.swift; path = ViewController.swift; sourceTree = "<group>"; };
		59E659041C4FC5B40011988D /* Base */ = {isa = PBXFileReference; lastKnownFileType = file.storyboard; name = Base; path = Base.lproj/Main.storyboard; sourceTree = "<group>"; };
		59E659061C4FC5B40011988D /* Assets.xcassets */ = {isa = PBXFileReference; lastKnownFileType = folder.assetcatalog; path = Assets.xcassets; sourceTree = "<group>"; };
		59E659091C4FC5B40011988D /* Base */ = {isa = PBXFileReference; lastKnownFileType = file.storyboard; name = Base; path = Base.lproj/LaunchScreen.storyboard; sourceTree = "<group>"; };
		59E6590B1C4FC5B40011988D /* Info.plist */ = {isa = PBXFileReference; lastKnownFileType = text.plist.xml; path = Info.plist; sourceTree = "<group>"; };
		59E659131C4FCC8F0011988D /* 我要飞.mp3 */ = {isa = PBXFileReference; lastKnownFileType = audio.mp3; path = "我要飞.mp3"; sourceTree = "<group>"; };
/* End PBXFileReference section */

/* Begin PBXFrameworksBuildPhase section */
		59E658F91C4FC5B40011988D /* Frameworks */ = {
			isa = PBXFrameworksBuildPhase;
			buildActionMask = 2147483647;
			files = (
			);
			runOnlyForDeploymentPostprocessing = 0;
		};
/* End PBXFrameworksBuildPhase section */

/* Begin PBXGroup section */
		59E658F31C4FC5B40011988D = {
			isa = PBXGroup;
			children = (
				59E658FE1C4FC5B40011988D /* Working With Audio */,
				59E658FD1C4FC5B40011988D /* Products */,
			);
			sourceTree = "<group>";
		};
		59E658FD1C4FC5B40011988D /* Products */ = {
			isa = PBXGroup;
			children = (
				59E658FC1C4FC5B40011988D /* Working With Audio.app */,
			);
			name = Products;
			sourceTree = "<group>";
		};
		59E658FE1C4FC5B40011988D /* Working With Audio */ = {
			isa = PBXGroup;
			children = (
				59E658FF1C4FC5B40011988D /* AppDelegate.swift */,
				59E659011C4FC5B40011988D /* ViewController.swift */,
				59E659031C4FC5B40011988D /* Main.storyboard */,
				59E659061C4FC5B40011988D /* Assets.xcassets */,
				59E659131C4FCC8F0011988D /* 我要飞.mp3 */,
				59E659081C4FC5B40011988D /* LaunchScreen.storyboard */,
				59E6590B1C4FC5B40011988D /* Info.plist */,
			);
			path = "Working With Audio";
			sourceTree = "<group>";
		};
/* End PBXGroup section */

/* Begin PBXNativeTarget section */
		59E658FB1C4FC5B40011988D /* Working With Audio */ = {
			isa = PBXNativeTarget;
			buildConfigurationList = 59E6590E1C4FC5B40011988D /* Build configuration list for PBXNativeTarget "Working With Audio" */;
			buildPhases = (
				59E658F81C4FC5B40011988D /* Sources */,
				59E658F91C4FC5B40011988D /* Frameworks */,
				59E658FA1C4FC5B40011988D /* Resources */,
			);
			buildRules = (
			);
			dependencies = (
			);
			name = "Working With Audio";
			productName = "Working With Audio";
			productReference = 59E658FC1C4FC5B40011988D /* Working With Audio.app */;
			productType = "com.apple.product-type.application";
		};
/* End PBXNativeTarget section */

/* Begin PBXProject section */
		59E658F41C4FC5B40011988D /* Project object */ = {
			isa = PBXProject;
			attributes = {
				LastSwiftUpdateCheck = 0720;
				LastUpgradeCheck = 0720;
				ORGANIZATIONNAME = ZC;
				TargetAttributes = {
					59E658FB1C4FC5B40011988D = {
						CreatedOnToolsVersion = 7.2;
						DevelopmentTeam = JKEWVWR8AC;
					};
				};
			};
			buildConfigurationList = 59E658F71C4FC5B40011988D /* Build configuration list for PBXProject "Working With Audio" */;
			compatibilityVersion = "Xcode 3.2";
			developmentRegion = English;
			hasScannedForEncodings = 0;
			knownRegions = (
				en,
				Base,
			);
			mainGroup = 59E658F31C4FC5B40011988D;
			productRefGroup = 59E658FD1C4FC5B40011988D /* Products */;
			projectDirPath = "";
			projectRoot = "";
			targets = (
				59E658FB1C4FC5B40011988D /* Working With Audio */,
			);
		};
/* End PBXProject section */

/* Begin PBXResourcesBuildPhase section */
		59E658FA1C4FC5B40011988D /* Resources */ = {
			isa = PBXResourcesBuildPhase;
			buildActionMask = 2147483647;
			files = (
				59E6590A1C4FC5B40011988D /* LaunchScreen.storyboard in Resources */,
				59E659141C4FCC8F0011988D /* 我要飞.mp3 in Resources */,
				59E659071C4FC5B40011988D /* Assets.xcassets in Resources */,
				59E659051C4FC5B40011988D /* Main.storyboard in Resources */,
			);
			runOnlyForDeploymentPostprocessing = 0;
		};
/* End PBXResourcesBuildPhase section */

/* Begin PBXSourcesBuildPhase section */
		59E658F81C4FC5B40011988D /* Sources */ = {
			isa = PBXSourcesBuildPhase;
			buildActionMask = 2147483647;
			files = (
				59E659021C4FC5B40011988D /* ViewController.swift in Sources */,
				59E659001C4FC5B40011988D /* AppDelegate.swift in Sources */,
			);
			runOnlyForDeploymentPostprocessing = 0;
		};
/* End PBXSourcesBuildPhase section */

/* Begin PBXVariantGroup section */
		59E659031C4FC5B40011988D /* Main.storyboard */ = {
			isa = PBXVariantGroup;
			children = (
				59E659041C4FC5B40011988D /* Base */,
			);
			name = Main.storyboard;
			sourceTree = "<group>";
		};
		59E659081C4FC5B40011988D /* LaunchScreen.storyboard */ = {
			isa = PBXVariantGroup;
			children = (
				59E659091C4FC5B40011988D /* Base */,
			);
			name = LaunchScreen.storyboard;
			sourceTree = "<group>";
		};
/* End PBXVariantGroup section */

/* Begin XCBuildConfiguration section */
		59E6590C1C4FC5B40011988D /* Debug */ = {
			isa = XCBuildConfiguration;
			buildSettings = {
				ALWAYS_SEARCH_USER_PATHS = NO;
				CLANG_CXX_LANGUAGE_STANDARD = "gnu++0x";
				CLANG_CXX_LIBRARY = "libc++";
				CLANG_ENABLE_MODULES = YES;
				CLANG_ENABLE_OBJC_ARC = YES;
				CLANG_WARN_BOOL_CONVERSION = YES;
				CLANG_WARN_CONSTANT_CONVERSION = YES;
				CLANG_WARN_DIRECT_OBJC_ISA_USAGE = YES_ERROR;
				CLANG_WARN_EMPTY_BODY = YES;
				CLANG_WARN_ENUM_CONVERSION = YES;
				CLANG_WARN_INT_CONVERSION = YES;
				CLANG_WARN_OBJC_ROOT_CLASS = YES_ERROR;
				CLANG_WARN_UNREACHABLE_CODE = YES;
				CLANG_WARN__DUPLICATE_METHOD_MATCH = YES;
				"CODE_SIGN_IDENTITY[sdk=iphoneos*]" = "iPhone Developer";
				COPY_PHASE_STRIP = NO;
				DEBUG_INFORMATION_FORMAT = dwarf;
				ENABLE_STRICT_OBJC_MSGSEND = YES;
				ENABLE_TESTABILITY = YES;
				GCC_C_LANGUAGE_STANDARD = gnu99;
				GCC_DYNAMIC_NO_PIC = NO;
				GCC_NO_COMMON_BLOCKS = YES;
				GCC_OPTIMIZATION_LEVEL = 0;
				GCC_PREPROCESSOR_DEFINITIONS = (
					"DEBUG=1",
					"$(inherited)",
				);
				GCC_WARN_64_TO_32_BIT_CONVERSION = YES;
				GCC_WARN_ABOUT_RETURN_TYPE = YES_ERROR;
				GCC_WARN_UNDECLARED_SELECTOR = YES;
				GCC_WARN_UNINITIALIZED_AUTOS = YES_AGGRESSIVE;
				GCC_WARN_UNUSED_FUNCTION = YES;
				GCC_WARN_UNUSED_VARIABLE = YES;
				IPHONEOS_DEPLOYMENT_TARGET = 9.2;
				MTL_ENABLE_DEBUG_INFO = YES;
				ONLY_ACTIVE_ARCH = YES;
				SDKROOT = iphoneos;
				SWIFT_OPTIMIZATION_LEVEL = "-Onone";
			};
			name = Debug;
		};
		59E6590D1C4FC5B40011988D /* Release */ = {
			isa = XCBuildConfiguration;
			buildSettings = {
				ALWAYS_SEARCH_USER_PATHS = NO;
				CLANG_CXX_LANGUAGE_STANDARD = "gnu++0x";
				CLANG_CXX_LIBRARY = "libc++";
				CLANG_ENABLE_MODULES = YES;
				CLANG_ENABLE_OBJC_ARC = YES;
				CLANG_WARN_BOOL_CONVERSION = YES;
				CLANG_WARN_CONSTANT_CONVERSION = YES;
				CLANG_WARN_DIRECT_OBJC_ISA_USAGE = YES_ERROR;
				CLANG_WARN_EMPTY_BODY = YES;
				CLANG_WARN_ENUM_CONVERSION = YES;
				CLANG_WARN_INT_CONVERSION = YES;
				CLANG_WARN_OBJC_ROOT_CLASS = YES_ERROR;
				CLANG_WARN_UNREACHABLE_CODE = YES;
				CLANG_WARN__DUPLICATE_METHOD_MATCH = YES;
				"CODE_SIGN_IDENTITY[sdk=iphoneos*]" = "iPhone Developer";
				COPY_PHASE_STRIP = NO;
				DEBUG_INFORMATION_FORMAT = "dwarf-with-dsym";
				ENABLE_NS_ASSERTIONS = NO;
				ENABLE_STRICT_OBJC_MSGSEND = YES;
				GCC_C_LANGUAGE_STANDARD = gnu99;
				GCC_NO_COMMON_BLOCKS = YES;
				GCC_WARN_64_TO_32_BIT_CONVERSION = YES;
				GCC_WARN_ABOUT_RETURN_TYPE = YES_ERROR;
				GCC_WARN_UNDECLARED_SELECTOR = YES;
				GCC_WARN_UNINITIALIZED_AUTOS = YES_AGGRESSIVE;
				GCC_WARN_UNUSED_FUNCTION = YES;
				GCC_WARN_UNUSED_VARIABLE = YES;
				IPHONEOS_DEPLOYMENT_TARGET = 9.2;
				MTL_ENABLE_DEBUG_INFO = NO;
				SDKROOT = iphoneos;
				VALIDATE_PRODUCT = YES;
			};
			name = Release;
		};
		59E6590F1C4FC5B40011988D /* Debug */ = {
			isa = XCBuildConfiguration;
			buildSettings = {
				ASSETCATALOG_COMPILER_APPICON_NAME = AppIcon;
				INFOPLIST_FILE = "Working With Audio/Info.plist";
				LD_RUNPATH_SEARCH_PATHS = "$(inherited) @executable_path/Frameworks";
				PRODUCT_BUNDLE_IDENTIFIER = "com.zcdll.Working-With-Audio";
				PRODUCT_NAME = "$(TARGET_NAME)";
			};
			name = Debug;
		};
		59E659101C4FC5B40011988D /* Release */ = {
			isa = XCBuildConfiguration;
			buildSettings = {
				ASSETCATALOG_COMPILER_APPICON_NAME = AppIcon;
				INFOPLIST_FILE = "Working With Audio/Info.plist";
				LD_RUNPATH_SEARCH_PATHS = "$(inherited) @executable_path/Frameworks";
				PRODUCT_BUNDLE_IDENTIFIER = "com.zcdll.Working-With-Audio";
				PRODUCT_NAME = "$(TARGET_NAME)";
			};
			name = Release;
		};
/* End XCBuildConfiguration section */

/* Begin XCConfigurationList section */
		59E658F71C4FC5B40011988D /* Build configuration list for PBXProject "Working With Audio" */ = {
			isa = XCConfigurationList;
			buildConfigurations = (
				59E6590C1C4FC5B40011988D /* Debug */,
				59E6590D1C4FC5B40011988D /* Release */,
			);
			defaultConfigurationIsVisible = 0;
			defaultConfigurationName = Release;
		};
		59E6590E1C4FC5B40011988D /* Build configuration list for PBXNativeTarget "Working With Audio" */ = {
			isa = XCConfigurationList;
			buildConfigurations = (
				59E6590F1C4FC5B40011988D /* Debug */,
				59E659101C4FC5B40011988D /* Release */,
			);
			defaultConfigurationIsVisible = 0;
		};
/* End XCConfigurationList section */
	};
	rootObject = 59E658F41C4FC5B40011988D /* Project object */;
}
