// !$*UTF8*$!
{
	archiveVersion = 1;
	classes = {
	};
	objectVersion = 46;
	objects = {

/* Begin PBXBuildFile section */
		59E63A0C1C46A9510033C226 /* AppDelegate.swift in Sources */ = {isa = PBXBuildFile; fileRef = 59E63A0B1C46A9510033C226 /* AppDelegate.swift */; };
		59E63A0E1C46A9510033C226 /* ViewController.swift in Sources */ = {isa = PBXBuildFile; fileRef = 59E63A0D1C46A9510033C226 /* ViewController.swift */; };
		59E63A111C46A9510033C226 /* Main.storyboard in Resources */ = {isa = PBXBuildFile; fileRef = 59E63A0F1C46A9510033C226 /* Main.storyboard */; };
		59E63A131C46A9510033C226 /* Assets.xcassets in Resources */ = {isa = PBXBuildFile; fileRef = 59E63A121C46A9510033C226 /* Assets.xcassets */; };
		59E63A161C46A9510033C226 /* LaunchScreen.storyboard in Resources */ = {isa = PBXBuildFile; fileRef = 59E63A141C46A9510033C226 /* LaunchScreen.storyboard */; };
		59E63A2D1C46AD3D0033C226 /* frame5.png in Resources */ = {isa = PBXBuildFile; fileRef = 59E63A281C46AD3D0033C226 /* frame5.png */; };
		59E63A2E1C46AD3D0033C226 /* frame4.png in Resources */ = {isa = PBXBuildFile; fileRef = 59E63A291C46AD3D0033C226 /* frame4.png */; };
		59E63A2F1C46AD3D0033C226 /* frame3.png in Resources */ = {isa = PBXBuildFile; fileRef = 59E63A2A1C46AD3D0033C226 /* frame3.png */; };
		59E63A301C46AD3D0033C226 /* frame2.png in Resources */ = {isa = PBXBuildFile; fileRef = 59E63A2B1C46AD3D0033C226 /* frame2.png */; };
		59E63A311C46AD3D0033C226 /* frame1.png in Resources */ = {isa = PBXBuildFile; fileRef = 59E63A2C1C46AD3D0033C226 /* frame1.png */; };
/* End PBXBuildFile section */

/* Begin PBXFileReference section */
		59E63A081C46A9510033C226 /* Animations.app */ = {isa = PBXFileReference; explicitFileType = wrapper.application; includeInIndex = 0; path = Animations.app; sourceTree = BUILT_PRODUCTS_DIR; };
		59E63A0B1C46A9510033C226 /* AppDelegate.swift */ = {isa = PBXFileReference; lastKnownFileType = sourcecode.swift; path = AppDelegate.swift; sourceTree = "<group>"; };
		59E63A0D1C46A9510033C226 /* ViewController.swift */ = {isa = PBXFileReference; lastKnownFileType = sourcecode.swift; path = ViewController.swift; sourceTree = "<group>"; };
		59E63A101C46A9510033C226 /* Base */ = {isa = PBXFileReference; lastKnownFileType = file.storyboard; name = Base; path = Base.lproj/Main.storyboard; sourceTree = "<group>"; };
		59E63A121C46A9510033C226 /* Assets.xcassets */ = {isa = PBXFileReference; lastKnownFileType = folder.assetcatalog; path = Assets.xcassets; sourceTree = "<group>"; };
		59E63A151C46A9510033C226 /* Base */ = {isa = PBXFileReference; lastKnownFileType = file.storyboard; name = Base; path = Base.lproj/LaunchScreen.storyboard; sourceTree = "<group>"; };
		59E63A171C46A9510033C226 /* Info.plist */ = {isa = PBXFileReference; lastKnownFileType = text.plist.xml; path = Info.plist; sourceTree = "<group>"; };
		59E63A281C46AD3D0033C226 /* frame5.png */ = {isa = PBXFileReference; lastKnownFileType = image.png; name = frame5.png; path = ../../../../Downloads/frame5.png; sourceTree = "<group>"; };
		59E63A291C46AD3D0033C226 /* frame4.png */ = {isa = PBXFileReference; lastKnownFileType = image.png; name = frame4.png; path = ../../../../Downloads/frame4.png; sourceTree = "<group>"; };
		59E63A2A1C46AD3D0033C226 /* frame3.png */ = {isa = PBXFileReference; lastKnownFileType = image.png; name = frame3.png; path = ../../../../Downloads/frame3.png; sourceTree = "<group>"; };
		59E63A2B1C46AD3D0033C226 /* frame2.png */ = {isa = PBXFileReference; lastKnownFileType = image.png; name = frame2.png; path = ../../../../Downloads/frame2.png; sourceTree = "<group>"; };
		59E63A2C1C46AD3D0033C226 /* frame1.png */ = {isa = PBXFileReference; lastKnownFileType = image.png; name = frame1.png; path = ../../../../Downloads/frame1.png; sourceTree = "<group>"; };
/* End PBXFileReference section */

/* Begin PBXFrameworksBuildPhase section */
		59E63A051C46A9510033C226 /* Frameworks */ = {
			isa = PBXFrameworksBuildPhase;
			buildActionMask = 2147483647;
			files = (
			);
			runOnlyForDeploymentPostprocessing = 0;
		};
/* End PBXFrameworksBuildPhase section */

/* Begin PBXGroup section */
		59E639FF1C46A9510033C226 = {
			isa = PBXGroup;
			children = (
				59E63A0A1C46A9510033C226 /* Animations */,
				59E63A091C46A9510033C226 /* Products */,
			);
			sourceTree = "<group>";
		};
		59E63A091C46A9510033C226 /* Products */ = {
			isa = PBXGroup;
			children = (
				59E63A081C46A9510033C226 /* Animations.app */,
			);
			name = Products;
			sourceTree = "<group>";
		};
		59E63A0A1C46A9510033C226 /* Animations */ = {
			isa = PBXGroup;
			children = (
				59E63A0B1C46A9510033C226 /* AppDelegate.swift */,
				59E63A0D1C46A9510033C226 /* ViewController.swift */,
				59E63A0F1C46A9510033C226 /* Main.storyboard */,
				59E63A271C46A9BF0033C226 /* images */,
				59E63A121C46A9510033C226 /* Assets.xcassets */,
				59E63A141C46A9510033C226 /* LaunchScreen.storyboard */,
				59E63A171C46A9510033C226 /* Info.plist */,
			);
			path = Animations;
			sourceTree = "<group>";
		};
		59E63A271C46A9BF0033C226 /* images */ = {
			isa = PBXGroup;
			children = (
				59E63A281C46AD3D0033C226 /* frame5.png */,
				59E63A291C46AD3D0033C226 /* frame4.png */,
				59E63A2A1C46AD3D0033C226 /* frame3.png */,
				59E63A2B1C46AD3D0033C226 /* frame2.png */,
				59E63A2C1C46AD3D0033C226 /* frame1.png */,
			);
			name = images;
			sourceTree = "<group>";
		};
/* End PBXGroup section */

/* Begin PBXNativeTarget section */
		59E63A071C46A9510033C226 /* Animations */ = {
			isa = PBXNativeTarget;
			buildConfigurationList = 59E63A1A1C46A9510033C226 /* Build configuration list for PBXNativeTarget "Animations" */;
			buildPhases = (
				59E63A041C46A9510033C226 /* Sources */,
				59E63A051C46A9510033C226 /* Frameworks */,
				59E63A061C46A9510033C226 /* Resources */,
			);
			buildRules = (
			);
			dependencies = (
			);
			name = Animations;
			productName = Animations;
			productReference = 59E63A081C46A9510033C226 /* Animations.app */;
			productType = "com.apple.product-type.application";
		};
/* End PBXNativeTarget section */

/* Begin PBXProject section */
		59E63A001C46A9510033C226 /* Project object */ = {
			isa = PBXProject;
			attributes = {
				LastSwiftUpdateCheck = 0720;
				LastUpgradeCheck = 0720;
				ORGANIZATIONNAME = ZC;
				TargetAttributes = {
					59E63A071C46A9510033C226 = {
						CreatedOnToolsVersion = 7.2;
						DevelopmentTeam = JKEWVWR8AC;
					};
				};
			};
			buildConfigurationList = 59E63A031C46A9510033C226 /* Build configuration list for PBXProject "Animations" */;
			compatibilityVersion = "Xcode 3.2";
			developmentRegion = English;
			hasScannedForEncodings = 0;
			knownRegions = (
				en,
				Base,
			);
			mainGroup = 59E639FF1C46A9510033C226;
			productRefGroup = 59E63A091C46A9510033C226 /* Products */;
			projectDirPath = "";
			projectRoot = "";
			targets = (
				59E63A071C46A9510033C226 /* Animations */,
			);
		};
/* End PBXProject section */

/* Begin PBXResourcesBuildPhase section */
		59E63A061C46A9510033C226 /* Resources */ = {
			isa = PBXResourcesBuildPhase;
			buildActionMask = 2147483647;
			files = (
				59E63A2E1C46AD3D0033C226 /* frame4.png in Resources */,
				59E63A311C46AD3D0033C226 /* frame1.png in Resources */,
				59E63A2F1C46AD3D0033C226 /* frame3.png in Resources */,
				59E63A161C46A9510033C226 /* LaunchScreen.storyboard in Resources */,
				59E63A2D1C46AD3D0033C226 /* frame5.png in Resources */,
				59E63A301C46AD3D0033C226 /* frame2.png in Resources */,
				59E63A131C46A9510033C226 /* Assets.xcassets in Resources */,
				59E63A111C46A9510033C226 /* Main.storyboard in Resources */,
			);
			runOnlyForDeploymentPostprocessing = 0;
		};
/* End PBXResourcesBuildPhase section */

/* Begin PBXSourcesBuildPhase section */
		59E63A041C46A9510033C226 /* Sources */ = {
			isa = PBXSourcesBuildPhase;
			buildActionMask = 2147483647;
			files = (
				59E63A0E1C46A9510033C226 /* ViewController.swift in Sources */,
				59E63A0C1C46A9510033C226 /* AppDelegate.swift in Sources */,
			);
			runOnlyForDeploymentPostprocessing = 0;
		};
/* End PBXSourcesBuildPhase section */

/* Begin PBXVariantGroup section */
		59E63A0F1C46A9510033C226 /* Main.storyboard */ = {
			isa = PBXVariantGroup;
			children = (
				59E63A101C46A9510033C226 /* Base */,
			);
			name = Main.storyboard;
			sourceTree = "<group>";
		};
		59E63A141C46A9510033C226 /* LaunchScreen.storyboard */ = {
			isa = PBXVariantGroup;
			children = (
				59E63A151C46A9510033C226 /* Base */,
			);
			name = LaunchScreen.storyboard;
			sourceTree = "<group>";
		};
/* End PBXVariantGroup section */

/* Begin XCBuildConfiguration section */
		59E63A181C46A9510033C226 /* Debug */ = {
			isa = XCBuildConfiguration;
			buildSettings = {
				ALWAYS_SEARCH_USER_PATHS = NO;
				CLANG_CXX_LANGUAGE_STANDARD = "gnu++0x";
				CLANG_CXX_LIBRARY = "libc++";
				CLANG_ENABLE_MODULES = YES;
				CLANG_ENABLE_OBJC_ARC = YES;
				CLANG_WARN_BOOL_CONVERSION = YES;
				CLANG_WARN_CONSTANT_CONVERSION = YES;
				CLANG_WARN_DIRECT_OBJC_ISA_USAGE = YES_ERROR;
				CLANG_WARN_EMPTY_BODY = YES;
				CLANG_WARN_ENUM_CONVERSION = YES;
				CLANG_WARN_INT_CONVERSION = YES;
				CLANG_WARN_OBJC_ROOT_CLASS = YES_ERROR;
				CLANG_WARN_UNREACHABLE_CODE = YES;
				CLANG_WARN__DUPLICATE_METHOD_MATCH = YES;
				"CODE_SIGN_IDENTITY[sdk=iphoneos*]" = "iPhone Developer";
				COPY_PHASE_STRIP = NO;
				DEBUG_INFORMATION_FORMAT = dwarf;
				ENABLE_STRICT_OBJC_MSGSEND = YES;
				ENABLE_TESTABILITY = YES;
				GCC_C_LANGUAGE_STANDARD = gnu99;
				GCC_DYNAMIC_NO_PIC = NO;
				GCC_NO_COMMON_BLOCKS = YES;
				GCC_OPTIMIZATION_LEVEL = 0;
				GCC_PREPROCESSOR_DEFINITIONS = (
					"DEBUG=1",
					"$(inherited)",
				);
				GCC_WARN_64_TO_32_BIT_CONVERSION = YES;
				GCC_WARN_ABOUT_RETURN_TYPE = YES_ERROR;
				GCC_WARN_UNDECLARED_SELECTOR = YES;
				GCC_WARN_UNINITIALIZED_AUTOS = YES_AGGRESSIVE;
				GCC_WARN_UNUSED_FUNCTION = YES;
				GCC_WARN_UNUSED_VARIABLE = YES;
				IPHONEOS_DEPLOYMENT_TARGET = 9.2;
				MTL_ENABLE_DEBUG_INFO = YES;
				ONLY_ACTIVE_ARCH = YES;
				SDKROOT = iphoneos;
				SWIFT_OPTIMIZATION_LEVEL = "-Onone";
			};
			name = Debug;
		};
		59E63A191C46A9510033C226 /* Release */ = {
			isa = XCBuildConfiguration;
			buildSettings = {
				ALWAYS_SEARCH_USER_PATHS = NO;
				CLANG_CXX_LANGUAGE_STANDARD = "gnu++0x";
				CLANG_CXX_LIBRARY = "libc++";
				CLANG_ENABLE_MODULES = YES;
				CLANG_ENABLE_OBJC_ARC = YES;
				CLANG_WARN_BOOL_CONVERSION = YES;
				CLANG_WARN_CONSTANT_CONVERSION = YES;
				CLANG_WARN_DIRECT_OBJC_ISA_USAGE = YES_ERROR;
				CLANG_WARN_EMPTY_BODY = YES;
				CLANG_WARN_ENUM_CONVERSION = YES;
				CLANG_WARN_INT_CONVERSION = YES;
				CLANG_WARN_OBJC_ROOT_CLASS = YES_ERROR;
				CLANG_WARN_UNREACHABLE_CODE = YES;
				CLANG_WARN__DUPLICATE_METHOD_MATCH = YES;
				"CODE_SIGN_IDENTITY[sdk=iphoneos*]" = "iPhone Developer";
				COPY_PHASE_STRIP = NO;
				DEBUG_INFORMATION_FORMAT = "dwarf-with-dsym";
				ENABLE_NS_ASSERTIONS = NO;
				ENABLE_STRICT_OBJC_MSGSEND = YES;
				GCC_C_LANGUAGE_STANDARD = gnu99;
				GCC_NO_COMMON_BLOCKS = YES;
				GCC_WARN_64_TO_32_BIT_CONVERSION = YES;
				GCC_WARN_ABOUT_RETURN_TYPE = YES_ERROR;
				GCC_WARN_UNDECLARED_SELECTOR = YES;
				GCC_WARN_UNINITIALIZED_AUTOS = YES_AGGRESSIVE;
				GCC_WARN_UNUSED_FUNCTION = YES;
				GCC_WARN_UNUSED_VARIABLE = YES;
				IPHONEOS_DEPLOYMENT_TARGET = 9.2;
				MTL_ENABLE_DEBUG_INFO = NO;
				SDKROOT = iphoneos;
				VALIDATE_PRODUCT = YES;
			};
			name = Release;
		};
		59E63A1B1C46A9510033C226 /* Debug */ = {
			isa = XCBuildConfiguration;
			buildSettings = {
				ASSETCATALOG_COMPILER_APPICON_NAME = AppIcon;
				INFOPLIST_FILE = Animations/Info.plist;
				LD_RUNPATH_SEARCH_PATHS = "$(inherited) @executable_path/Frameworks";
				PRODUCT_BUNDLE_IDENTIFIER = com.zcdll.Animations;
				PRODUCT_NAME = "$(TARGET_NAME)";
			};
			name = Debug;
		};
		59E63A1C1C46A9510033C226 /* Release */ = {
			isa = XCBuildConfiguration;
			buildSettings = {
				ASSETCATALOG_COMPILER_APPICON_NAME = AppIcon;
				INFOPLIST_FILE = Animations/Info.plist;
				LD_RUNPATH_SEARCH_PATHS = "$(inherited) @executable_path/Frameworks";
				PRODUCT_BUNDLE_IDENTIFIER = com.zcdll.Animations;
				PRODUCT_NAME = "$(TARGET_NAME)";
			};
			name = Release;
		};
/* End XCBuildConfiguration section */

/* Begin XCConfigurationList section */
		59E63A031C46A9510033C226 /* Build configuration list for PBXProject "Animations" */ = {
			isa = XCConfigurationList;
			buildConfigurations = (
				59E63A181C46A9510033C226 /* Debug */,
				59E63A191C46A9510033C226 /* Release */,
			);
			defaultConfigurationIsVisible = 0;
			defaultConfigurationName = Release;
		};
		59E63A1A1C46A9510033C226 /* Build configuration list for PBXNativeTarget "Animations" */ = {
			isa = XCConfigurationList;
			buildConfigurations = (
				59E63A1B1C46A9510033C226 /* Debug */,
				59E63A1C1C46A9510033C226 /* Release */,
			);
			defaultConfigurationIsVisible = 0;
		};
/* End XCConfigurationList section */
	};
	rootObject = 59E63A001C46A9510033C226 /* Project object */;
}
