// !$*UTF8*$!
{
	archiveVersion = 1;
	classes = {
	};
	objectVersion = 46;
	objects = {

/* Begin PBXBuildFile section */
		592F76C71C3D42D90032CE03 /* AppDelegate.swift in Sources */ = {isa = PBXBuildFile; fileRef = 592F76C61C3D42D90032CE03 /* AppDelegate.swift */; };
		592F76C91C3D42D90032CE03 /* ViewController.swift in Sources */ = {isa = PBXBuildFile; fileRef = 592F76C81C3D42D90032CE03 /* ViewController.swift */; };
		592F76CC1C3D42D90032CE03 /* Main.storyboard in Resources */ = {isa = PBXBuildFile; fileRef = 592F76CA1C3D42D90032CE03 /* Main.storyboard */; };
		592F76CE1C3D42D90032CE03 /* Assets.xcassets in Resources */ = {isa = PBXBuildFile; fileRef = 592F76CD1C3D42D90032CE03 /* Assets.xcassets */; };
		592F76D11C3D42D90032CE03 /* LaunchScreen.storyboard in Resources */ = {isa = PBXBuildFile; fileRef = 592F76CF1C3D42D90032CE03 /* LaunchScreen.storyboard */; };
		592F76D91C3D43CC0032CE03 /* cat.jpg in Resources */ = {isa = PBXBuildFile; fileRef = 592F76D81C3D43CC0032CE03 /* cat.jpg */; };
/* End PBXBuildFile section */

/* Begin PBXFileReference section */
		592F76C31C3D42D90032CE03 /* Cat Years.app */ = {isa = PBXFileReference; explicitFileType = wrapper.application; includeInIndex = 0; path = "Cat Years.app"; sourceTree = BUILT_PRODUCTS_DIR; };
		592F76C61C3D42D90032CE03 /* AppDelegate.swift */ = {isa = PBXFileReference; lastKnownFileType = sourcecode.swift; path = AppDelegate.swift; sourceTree = "<group>"; };
		592F76C81C3D42D90032CE03 /* ViewController.swift */ = {isa = PBXFileReference; lastKnownFileType = sourcecode.swift; path = ViewController.swift; sourceTree = "<group>"; };
		592F76CB1C3D42D90032CE03 /* Base */ = {isa = PBXFileReference; lastKnownFileType = file.storyboard; name = Base; path = Base.lproj/Main.storyboard; sourceTree = "<group>"; };
		592F76CD1C3D42D90032CE03 /* Assets.xcassets */ = {isa = PBXFileReference; lastKnownFileType = folder.assetcatalog; path = Assets.xcassets; sourceTree = "<group>"; };
		592F76D01C3D42D90032CE03 /* Base */ = {isa = PBXFileReference; lastKnownFileType = file.storyboard; name = Base; path = Base.lproj/LaunchScreen.storyboard; sourceTree = "<group>"; };
		592F76D21C3D42D90032CE03 /* Info.plist */ = {isa = PBXFileReference; lastKnownFileType = text.plist.xml; path = Info.plist; sourceTree = "<group>"; };
		592F76D81C3D43CC0032CE03 /* cat.jpg */ = {isa = PBXFileReference; lastKnownFileType = image.jpeg; name = cat.jpg; path = ../../../../Downloads/cat.jpg; sourceTree = "<group>"; };
/* End PBXFileReference section */

/* Begin PBXFrameworksBuildPhase section */
		592F76C01C3D42D90032CE03 /* Frameworks */ = {
			isa = PBXFrameworksBuildPhase;
			buildActionMask = 2147483647;
			files = (
			);
			runOnlyForDeploymentPostprocessing = 0;
		};
/* End PBXFrameworksBuildPhase section */

/* Begin PBXGroup section */
		592F76BA1C3D42D90032CE03 = {
			isa = PBXGroup;
			children = (
				592F76C51C3D42D90032CE03 /* Cat Years */,
				592F76C41C3D42D90032CE03 /* Products */,
			);
			sourceTree = "<group>";
		};
		592F76C41C3D42D90032CE03 /* Products */ = {
			isa = PBXGroup;
			children = (
				592F76C31C3D42D90032CE03 /* Cat Years.app */,
			);
			name = Products;
			sourceTree = "<group>";
		};
		592F76C51C3D42D90032CE03 /* Cat Years */ = {
			isa = PBXGroup;
			children = (
				592F76C61C3D42D90032CE03 /* AppDelegate.swift */,
				592F76C81C3D42D90032CE03 /* ViewController.swift */,
				592F76CA1C3D42D90032CE03 /* Main.storyboard */,
				592F76D81C3D43CC0032CE03 /* cat.jpg */,
				592F76CD1C3D42D90032CE03 /* Assets.xcassets */,
				592F76CF1C3D42D90032CE03 /* LaunchScreen.storyboard */,
				592F76D21C3D42D90032CE03 /* Info.plist */,
			);
			path = "Cat Years";
			sourceTree = "<group>";
		};
/* End PBXGroup section */

/* Begin PBXNativeTarget section */
		592F76C21C3D42D90032CE03 /* Cat Years */ = {
			isa = PBXNativeTarget;
			buildConfigurationList = 592F76D51C3D42D90032CE03 /* Build configuration list for PBXNativeTarget "Cat Years" */;
			buildPhases = (
				592F76BF1C3D42D90032CE03 /* Sources */,
				592F76C01C3D42D90032CE03 /* Frameworks */,
				592F76C11C3D42D90032CE03 /* Resources */,
			);
			buildRules = (
			);
			dependencies = (
			);
			name = "Cat Years";
			productName = "Cat Years";
			productReference = 592F76C31C3D42D90032CE03 /* Cat Years.app */;
			productType = "com.apple.product-type.application";
		};
/* End PBXNativeTarget section */

/* Begin PBXProject section */
		592F76BB1C3D42D90032CE03 /* Project object */ = {
			isa = PBXProject;
			attributes = {
				LastSwiftUpdateCheck = 0720;
				LastUpgradeCheck = 0720;
				ORGANIZATIONNAME = ZC;
				TargetAttributes = {
					592F76C21C3D42D90032CE03 = {
						CreatedOnToolsVersion = 7.2;
						DevelopmentTeam = JKEWVWR8AC;
					};
				};
			};
			buildConfigurationList = 592F76BE1C3D42D90032CE03 /* Build configuration list for PBXProject "Cat Years" */;
			compatibilityVersion = "Xcode 3.2";
			developmentRegion = English;
			hasScannedForEncodings = 0;
			knownRegions = (
				en,
				Base,
			);
			mainGroup = 592F76BA1C3D42D90032CE03;
			productRefGroup = 592F76C41C3D42D90032CE03 /* Products */;
			projectDirPath = "";
			projectRoot = "";
			targets = (
				592F76C21C3D42D90032CE03 /* Cat Years */,
			);
		};
/* End PBXProject section */

/* Begin PBXResourcesBuildPhase section */
		592F76C11C3D42D90032CE03 /* Resources */ = {
			isa = PBXResourcesBuildPhase;
			buildActionMask = 2147483647;
			files = (
				592F76D11C3D42D90032CE03 /* LaunchScreen.storyboard in Resources */,
				592F76CE1C3D42D90032CE03 /* Assets.xcassets in Resources */,
				592F76D91C3D43CC0032CE03 /* cat.jpg in Resources */,
				592F76CC1C3D42D90032CE03 /* Main.storyboard in Resources */,
			);
			runOnlyForDeploymentPostprocessing = 0;
		};
/* End PBXResourcesBuildPhase section */

/* Begin PBXSourcesBuildPhase section */
		592F76BF1C3D42D90032CE03 /* Sources */ = {
			isa = PBXSourcesBuildPhase;
			buildActionMask = 2147483647;
			files = (
				592F76C91C3D42D90032CE03 /* ViewController.swift in Sources */,
				592F76C71C3D42D90032CE03 /* AppDelegate.swift in Sources */,
			);
			runOnlyForDeploymentPostprocessing = 0;
		};
/* End PBXSourcesBuildPhase section */

/* Begin PBXVariantGroup section */
		592F76CA1C3D42D90032CE03 /* Main.storyboard */ = {
			isa = PBXVariantGroup;
			children = (
				592F76CB1C3D42D90032CE03 /* Base */,
			);
			name = Main.storyboard;
			sourceTree = "<group>";
		};
		592F76CF1C3D42D90032CE03 /* LaunchScreen.storyboard */ = {
			isa = PBXVariantGroup;
			children = (
				592F76D01C3D42D90032CE03 /* Base */,
			);
			name = LaunchScreen.storyboard;
			sourceTree = "<group>";
		};
/* End PBXVariantGroup section */

/* Begin XCBuildConfiguration section */
		592F76D31C3D42D90032CE03 /* Debug */ = {
			isa = XCBuildConfiguration;
			buildSettings = {
				ALWAYS_SEARCH_USER_PATHS = NO;
				CLANG_CXX_LANGUAGE_STANDARD = "gnu++0x";
				CLANG_CXX_LIBRARY = "libc++";
				CLANG_ENABLE_MODULES = YES;
				CLANG_ENABLE_OBJC_ARC = YES;
				CLANG_WARN_BOOL_CONVERSION = YES;
				CLANG_WARN_CONSTANT_CONVERSION = YES;
				CLANG_WARN_DIRECT_OBJC_ISA_USAGE = YES_ERROR;
				CLANG_WARN_EMPTY_BODY = YES;
				CLANG_WARN_ENUM_CONVERSION = YES;
				CLANG_WARN_INT_CONVERSION = YES;
				CLANG_WARN_OBJC_ROOT_CLASS = YES_ERROR;
				CLANG_WARN_UNREACHABLE_CODE = YES;
				CLANG_WARN__DUPLICATE_METHOD_MATCH = YES;
				"CODE_SIGN_IDENTITY[sdk=iphoneos*]" = "iPhone Developer";
				COPY_PHASE_STRIP = NO;
				DEBUG_INFORMATION_FORMAT = dwarf;
				ENABLE_STRICT_OBJC_MSGSEND = YES;
				ENABLE_TESTABILITY = YES;
				GCC_C_LANGUAGE_STANDARD = gnu99;
				GCC_DYNAMIC_NO_PIC = NO;
				GCC_NO_COMMON_BLOCKS = YES;
				GCC_OPTIMIZATION_LEVEL = 0;
				GCC_PREPROCESSOR_DEFINITIONS = (
					"DEBUG=1",
					"$(inherited)",
				);
				GCC_WARN_64_TO_32_BIT_CONVERSION = YES;
				GCC_WARN_ABOUT_RETURN_TYPE = YES_ERROR;
				GCC_WARN_UNDECLARED_SELECTOR = YES;
				GCC_WARN_UNINITIALIZED_AUTOS = YES_AGGRESSIVE;
				GCC_WARN_UNUSED_FUNCTION = YES;
				GCC_WARN_UNUSED_VARIABLE = YES;
				IPHONEOS_DEPLOYMENT_TARGET = 9.2;
				MTL_ENABLE_DEBUG_INFO = YES;
				ONLY_ACTIVE_ARCH = YES;
				SDKROOT = iphoneos;
				SWIFT_OPTIMIZATION_LEVEL = "-Onone";
			};
			name = Debug;
		};
		592F76D41C3D42D90032CE03 /* Release */ = {
			isa = XCBuildConfiguration;
			buildSettings = {
				ALWAYS_SEARCH_USER_PATHS = NO;
				CLANG_CXX_LANGUAGE_STANDARD = "gnu++0x";
				CLANG_CXX_LIBRARY = "libc++";
				CLANG_ENABLE_MODULES = YES;
				CLANG_ENABLE_OBJC_ARC = YES;
				CLANG_WARN_BOOL_CONVERSION = YES;
				CLANG_WARN_CONSTANT_CONVERSION = YES;
				CLANG_WARN_DIRECT_OBJC_ISA_USAGE = YES_ERROR;
				CLANG_WARN_EMPTY_BODY = YES;
				CLANG_WARN_ENUM_CONVERSION = YES;
				CLANG_WARN_INT_CONVERSION = YES;
				CLANG_WARN_OBJC_ROOT_CLASS = YES_ERROR;
				CLANG_WARN_UNREACHABLE_CODE = YES;
				CLANG_WARN__DUPLICATE_METHOD_MATCH = YES;
				"CODE_SIGN_IDENTITY[sdk=iphoneos*]" = "iPhone Developer";
				COPY_PHASE_STRIP = NO;
				DEBUG_INFORMATION_FORMAT = "dwarf-with-dsym";
				ENABLE_NS_ASSERTIONS = NO;
				ENABLE_STRICT_OBJC_MSGSEND = YES;
				GCC_C_LANGUAGE_STANDARD = gnu99;
				GCC_NO_COMMON_BLOCKS = YES;
				GCC_WARN_64_TO_32_BIT_CONVERSION = YES;
				GCC_WARN_ABOUT_RETURN_TYPE = YES_ERROR;
				GCC_WARN_UNDECLARED_SELECTOR = YES;
				GCC_WARN_UNINITIALIZED_AUTOS = YES_AGGRESSIVE;
				GCC_WARN_UNUSED_FUNCTION = YES;
				GCC_WARN_UNUSED_VARIABLE = YES;
				IPHONEOS_DEPLOYMENT_TARGET = 9.2;
				MTL_ENABLE_DEBUG_INFO = NO;
				SDKROOT = iphoneos;
				VALIDATE_PRODUCT = YES;
			};
			name = Release;
		};
		592F76D61C3D42D90032CE03 /* Debug */ = {
			isa = XCBuildConfiguration;
			buildSettings = {
				ASSETCATALOG_COMPILER_APPICON_NAME = AppIcon;
				INFOPLIST_FILE = "Cat Years/Info.plist";
				LD_RUNPATH_SEARCH_PATHS = "$(inherited) @executable_path/Frameworks";
				PRODUCT_BUNDLE_IDENTIFIER = "com.zcdll.Cat-Years";
				PRODUCT_NAME = "$(TARGET_NAME)";
			};
			name = Debug;
		};
		592F76D71C3D42D90032CE03 /* Release */ = {
			isa = XCBuildConfiguration;
			buildSettings = {
				ASSETCATALOG_COMPILER_APPICON_NAME = AppIcon;
				INFOPLIST_FILE = "Cat Years/Info.plist";
				LD_RUNPATH_SEARCH_PATHS = "$(inherited) @executable_path/Frameworks";
				PRODUCT_BUNDLE_IDENTIFIER = "com.zcdll.Cat-Years";
				PRODUCT_NAME = "$(TARGET_NAME)";
			};
			name = Release;
		};
/* End XCBuildConfiguration section */

/* Begin XCConfigurationList section */
		592F76BE1C3D42D90032CE03 /* Build configuration list for PBXProject "Cat Years" */ = {
			isa = XCConfigurationList;
			buildConfigurations = (
				592F76D31C3D42D90032CE03 /* Debug */,
				592F76D41C3D42D90032CE03 /* Release */,
			);
			defaultConfigurationIsVisible = 0;
			defaultConfigurationName = Release;
		};
		592F76D51C3D42D90032CE03 /* Build configuration list for PBXNativeTarget "Cat Years" */ = {
			isa = XCConfigurationList;
			buildConfigurations = (
				592F76D61C3D42D90032CE03 /* Debug */,
				592F76D71C3D42D90032CE03 /* Release */,
			);
			defaultConfigurationIsVisible = 0;
		};
/* End XCConfigurationList section */
	};
	rootObject = 592F76BB1C3D42D90032CE03 /* Project object */;
}
